// !$*UTF8*$!
{
	archiveVersion = 1;
	classes = {
	};
	objectVersion = 45;
	objects = {

/* Begin PBXBuildFile section */
		190CFCEB10A5178700686952 /* MyCar.mm in Sources */ = {isa = PBXBuildFile; fileRef = 190CFCEA10A5178700686952 /* MyCar.mm */; };
		191B9A1510A55BF200A1C8A5 /* course.png in Resources */ = {isa = PBXBuildFile; fileRef = 191B9A1410A55BF200A1C8A5 /* course.png */; };
		191B9A2E10A563D000A1C8A5 /* MyCheckPoint.mm in Sources */ = {isa = PBXBuildFile; fileRef = 191B9A2D10A563D000A1C8A5 /* MyCheckPoint.mm */; };
		191B9A3810A56A9C00A1C8A5 /* checkpoint.png in Resources */ = {isa = PBXBuildFile; fileRef = 191B9A3710A56A9C00A1C8A5 /* checkpoint.png */; };
		191B9A4610A5718B00A1C8A5 /* number_texture.png in Resources */ = {isa = PBXBuildFile; fileRef = 191B9A4510A5718B00A1C8A5 /* number_texture.png */; };
		191B9A6410A5787500A1C8A5 /* particle.png in Resources */ = {isa = PBXBuildFile; fileRef = 191B9A6310A5787500A1C8A5 /* particle.png */; };
		1990A7C810A3F40900407DB5 /* CoreGraphics.framework in Frameworks */ = {isa = PBXBuildFile; fileRef = 1990A7C710A3F40900407DB5 /* CoreGraphics.framework */; };
		1990A7DE10A3F6B200407DB5 /* car.png in Resources */ = {isa = PBXBuildFile; fileRef = 1990A7DD10A3F6B200407DB5 /* car.png */; };
		1990A7E910A3F9BD00407DB5 /* MyGame.mm in Sources */ = {isa = PBXBuildFile; fileRef = 1990A7E810A3F9BD00407DB5 /* MyGame.mm */; };
		1990A81B10A3FECB00407DB5 /* accelbutton.png in Resources */ = {isa = PBXBuildFile; fileRef = 1990A81810A3FECB00407DB5 /* accelbutton.png */; };
		1990A81C10A3FECB00407DB5 /* leftbutton.png in Resources */ = {isa = PBXBuildFile; fileRef = 1990A81910A3FECB00407DB5 /* leftbutton.png */; };
		1990A81D10A3FECB00407DB5 /* rightbutton.png in Resources */ = {isa = PBXBuildFile; fileRef = 1990A81A10A3FECB00407DB5 /* rightbutton.png */; };
		19D7809D10D4B1FF00ABDC54 /* ParticleSystem.mm in Sources */ = {isa = PBXBuildFile; fileRef = 19D7809910D4B1FF00ABDC54 /* ParticleSystem.mm */; };
		19D7809E10D4B1FF00ABDC54 /* Particle.mm in Sources */ = {isa = PBXBuildFile; fileRef = 19D7809B10D4B1FF00ABDC54 /* Particle.mm */; };
		19D780A410D4B23C00ABDC54 /* graphicUtil.mm in Sources */ = {isa = PBXBuildFile; fileRef = 19D780A210D4B23C00ABDC54 /* graphicUtil.mm */; };
		1D3623260D0F684500981E51 /* racegameAppDelegate.mm in Sources */ = {isa = PBXBuildFile; fileRef = 1D3623250D0F684500981E51 /* racegameAppDelegate.mm */; };
		1D60589B0D05DD56006BFB54 /* main.mm in Sources */ = {isa = PBXBuildFile; fileRef = 29B97316FDCFA39411CA2CEA /* main.mm */; };
		1D60589F0D05DD5A006BFB54 /* Foundation.framework in Frameworks */ = {isa = PBXBuildFile; fileRef = 1D30AB110D05D00D00671497 /* Foundation.framework */; };
		1DF5F4E00D08C38300B7A737 /* UIKit.framework in Frameworks */ = {isa = PBXBuildFile; fileRef = 1DF5F4DF0D08C38300B7A737 /* UIKit.framework */; };
		2514C27210084DB100A42282 /* ES1Renderer.mm in Sources */ = {isa = PBXBuildFile; fileRef = 2514C26E10084DB100A42282 /* ES1Renderer.mm */; };
		2514C27B10084DCA00A42282 /* Shader.fsh in Resources */ = {isa = PBXBuildFile; fileRef = 2514C27910084DCA00A42282 /* Shader.fsh */; };
		2514C27C10084DCA00A42282 /* Shader.vsh in Resources */ = {isa = PBXBuildFile; fileRef = 2514C27A10084DCA00A42282 /* Shader.vsh */; };
		28AD733F0D9D9553002E5188 /* MainWindow.xib in Resources */ = {isa = PBXBuildFile; fileRef = 28AD733E0D9D9553002E5188 /* MainWindow.xib */; };
		28FD14FE0DC6FC130079059D /* EAGLView.mm in Sources */ = {isa = PBXBuildFile; fileRef = 28FD14FD0DC6FC130079059D /* EAGLView.mm */; };
		28FD15000DC6FC520079059D /* OpenGLES.framework in Frameworks */ = {isa = PBXBuildFile; fileRef = 28FD14FF0DC6FC520079059D /* OpenGLES.framework */; };
		28FD15080DC6FC5B0079059D /* QuartzCore.framework in Frameworks */ = {isa = PBXBuildFile; fileRef = 28FD15070DC6FC5B0079059D /* QuartzCore.framework */; };
/* End PBXBuildFile section */

/* Begin PBXFileReference section */
		190CFCE910A5178700686952 /* MyCar.h */ = {isa = PBXFileReference; fileEncoding = 4; lastKnownFileType = sourcecode.c.h; path = MyCar.h; sourceTree = "<group>"; };
		190CFCEA10A5178700686952 /* MyCar.mm */ = {isa = PBXFileReference; fileEncoding = 4; lastKnownFileType = sourcecode.cpp.objcpp; path = MyCar.mm; sourceTree = "<group>"; };
		191B9A1410A55BF200A1C8A5 /* course.png */ = {isa = PBXFileReference; lastKnownFileType = image.png; path = course.png; sourceTree = "<group>"; };
		191B9A2C10A563D000A1C8A5 /* MyCheckPoint.h */ = {isa = PBXFileReference; fileEncoding = 4; lastKnownFileType = sourcecode.c.h; path = MyCheckPoint.h; sourceTree = "<group>"; };
		191B9A2D10A563D000A1C8A5 /* MyCheckPoint.mm */ = {isa = PBXFileReference; fileEncoding = 4; lastKnownFileType = sourcecode.cpp.objcpp; path = MyCheckPoint.mm; sourceTree = "<group>"; };
		191B9A3710A56A9C00A1C8A5 /* checkpoint.png */ = {isa = PBXFileReference; lastKnownFileType = image.png; path = checkpoint.png; sourceTree = "<group>"; };
		191B9A4510A5718B00A1C8A5 /* number_texture.png */ = {isa = PBXFileReference; lastKnownFileType = image.png; path = number_texture.png; sourceTree = "<group>"; };
		191B9A6310A5787500A1C8A5 /* particle.png */ = {isa = PBXFileReference; lastKnownFileType = image.png; path = particle.png; sourceTree = "<group>"; };
		1990A7C710A3F40900407DB5 /* CoreGraphics.framework */ = {isa = PBXFileReference; lastKnownFileType = wrapper.framework; name = CoreGraphics.framework; path = System/Library/Frameworks/CoreGraphics.framework; sourceTree = SDKROOT; };
		1990A7DD10A3F6B200407DB5 /* car.png */ = {isa = PBXFileReference; lastKnownFileType = image.png; path = car.png; sourceTree = "<group>"; };
		1990A7E710A3F9BD00407DB5 /* MyGame.h */ = {isa = PBXFileReference; fileEncoding = 4; lastKnownFileType = sourcecode.c.h; path = MyGame.h; sourceTree = "<group>"; };
		1990A7E810A3F9BD00407DB5 /* MyGame.mm */ = {isa = PBXFileReference; fileEncoding = 4; lastKnownFileType = sourcecode.cpp.objcpp; path = MyGame.mm; sourceTree = "<group>"; };
		1990A81810A3FECB00407DB5 /* accelbutton.png */ = {isa = PBXFileReference; lastKnownFileType = image.png; path = accelbutton.png; sourceTree = "<group>"; };
		1990A81910A3FECB00407DB5 /* leftbutton.png */ = {isa = PBXFileReference; lastKnownFileType = image.png; path = leftbutton.png; sourceTree = "<group>"; };
		1990A81A10A3FECB00407DB5 /* rightbutton.png */ = {isa = PBXFileReference; lastKnownFileType = image.png; path = rightbutton.png; sourceTree = "<group>"; };
		19D7809910D4B1FF00ABDC54 /* ParticleSystem.mm */ = {isa = PBXFileReference; fileEncoding = 4; lastKnownFileType = sourcecode.cpp.objcpp; path = ParticleSystem.mm; sourceTree = "<group>"; };
		19D7809A10D4B1FF00ABDC54 /* ParticleSystem.h */ = {isa = PBXFileReference; fileEncoding = 4; lastKnownFileType = sourcecode.c.h; path = ParticleSystem.h; sourceTree = "<group>"; };
		19D7809B10D4B1FF00ABDC54 /* Particle.mm */ = {isa = PBXFileReference; fileEncoding = 4; lastKnownFileType = sourcecode.cpp.objcpp; path = Particle.mm; sourceTree = "<group>"; };
		19D7809C10D4B1FF00ABDC54 /* Particle.h */ = {isa = PBXFileReference; fileEncoding = 4; lastKnownFileType = sourcecode.c.h; path = Particle.h; sourceTree = "<group>"; };
		19D780A210D4B23C00ABDC54 /* graphicUtil.mm */ = {isa = PBXFileReference; fileEncoding = 4; lastKnownFileType = sourcecode.cpp.objcpp; path = graphicUtil.mm; sourceTree = "<group>"; };
		19D780A310D4B23C00ABDC54 /* graphicUtil.h */ = {isa = PBXFileReference; fileEncoding = 4; lastKnownFileType = sourcecode.c.h; path = graphicUtil.h; sourceTree = "<group>"; };
		1D30AB110D05D00D00671497 /* Foundation.framework */ = {isa = PBXFileReference; lastKnownFileType = wrapper.framework; name = Foundation.framework; path = System/Library/Frameworks/Foundation.framework; sourceTree = SDKROOT; };
		1D3623240D0F684500981E51 /* racegameAppDelegate.h */ = {isa = PBXFileReference; fileEncoding = 4; lastKnownFileType = sourcecode.c.h; path = racegameAppDelegate.h; sourceTree = "<group>"; };
		1D3623250D0F684500981E51 /* racegameAppDelegate.mm */ = {isa = PBXFileReference; fileEncoding = 4; lastKnownFileType = sourcecode.cpp.objcpp; path = racegameAppDelegate.mm; sourceTree = "<group>"; };
		1D6058910D05DD3D006BFB54 /* racegame.app */ = {isa = PBXFileReference; explicitFileType = wrapper.application; includeInIndex = 0; path = racegame.app; sourceTree = BUILT_PRODUCTS_DIR; };
		1DF5F4DF0D08C38300B7A737 /* UIKit.framework */ = {isa = PBXFileReference; lastKnownFileType = wrapper.framework; name = UIKit.framework; path = System/Library/Frameworks/UIKit.framework; sourceTree = SDKROOT; };
		2514C26D10084DB100A42282 /* ES1Renderer.h */ = {isa = PBXFileReference; fileEncoding = 4; lastKnownFileType = sourcecode.c.h; path = ES1Renderer.h; sourceTree = "<group>"; };
		2514C26E10084DB100A42282 /* ES1Renderer.mm */ = {isa = PBXFileReference; fileEncoding = 4; lastKnownFileType = sourcecode.cpp.objcpp; path = ES1Renderer.mm; sourceTree = "<group>"; };
		2514C27110084DB100A42282 /* ESRenderer.h */ = {isa = PBXFileReference; fileEncoding = 4; lastKnownFileType = sourcecode.c.h; path = ESRenderer.h; sourceTree = "<group>"; };
		2514C27910084DCA00A42282 /* Shader.fsh */ = {isa = PBXFileReference; fileEncoding = 4; lastKnownFileType = sourcecode.glsl; name = Shader.fsh; path = Shaders/Shader.fsh; sourceTree = "<group>"; };
		2514C27A10084DCA00A42282 /* Shader.vsh */ = {isa = PBXFileReference; fileEncoding = 4; lastKnownFileType = sourcecode.glsl; name = Shader.vsh; path = Shaders/Shader.vsh; sourceTree = "<group>"; };
		28AD733E0D9D9553002E5188 /* MainWindow.xib */ = {isa = PBXFileReference; lastKnownFileType = file.xib; path = MainWindow.xib; sourceTree = "<group>"; };
		28FD14FC0DC6FC130079059D /* EAGLView.h */ = {isa = PBXFileReference; fileEncoding = 4; lastKnownFileType = sourcecode.c.h; path = EAGLView.h; sourceTree = "<group>"; };
		28FD14FD0DC6FC130079059D /* EAGLView.mm */ = {isa = PBXFileReference; fileEncoding = 4; lastKnownFileType = sourcecode.cpp.objcpp; path = EAGLView.mm; sourceTree = "<group>"; };
		28FD14FF0DC6FC520079059D /* OpenGLES.framework */ = {isa = PBXFileReference; lastKnownFileType = wrapper.framework; name = OpenGLES.framework; path = System/Library/Frameworks/OpenGLES.framework; sourceTree = SDKROOT; };
		28FD15070DC6FC5B0079059D /* QuartzCore.framework */ = {isa = PBXFileReference; lastKnownFileType = wrapper.framework; name = QuartzCore.framework; path = System/Library/Frameworks/QuartzCore.framework; sourceTree = SDKROOT; };
		29B97316FDCFA39411CA2CEA /* main.mm */ = {isa = PBXFileReference; fileEncoding = 4; lastKnownFileType = sourcecode.cpp.objcpp; path = main.mm; sourceTree = "<group>"; };
		32CA4F630368D1EE00C91783 /* racegame_Prefix.pch */ = {isa = PBXFileReference; fileEncoding = 4; lastKnownFileType = sourcecode.c.h; path = racegame_Prefix.pch; sourceTree = "<group>"; };
		8D1107310486CEB800E47090 /* racegame-Info.plist */ = {isa = PBXFileReference; fileEncoding = 4; lastKnownFileType = text.plist.xml; path = "racegame-Info.plist"; plistStructureDefinitionIdentifier = "com.apple.xcode.plist.structure-definition.iphone.info-plist"; sourceTree = "<group>"; };
/* End PBXFileReference section */

/* Begin PBXFrameworksBuildPhase section */
		1D60588F0D05DD3D006BFB54 /* Frameworks */ = {
			isa = PBXFrameworksBuildPhase;
			buildActionMask = 2147483647;
			files = (
				1D60589F0D05DD5A006BFB54 /* Foundation.framework in Frameworks */,
				1DF5F4E00D08C38300B7A737 /* UIKit.framework in Frameworks */,
				28FD15000DC6FC520079059D /* OpenGLES.framework in Frameworks */,
				28FD15080DC6FC5B0079059D /* QuartzCore.framework in Frameworks */,
				1990A7C810A3F40900407DB5 /* CoreGraphics.framework in Frameworks */,
			);
			runOnlyForDeploymentPostprocessing = 0;
		};
/* End PBXFrameworksBuildPhase section */

/* Begin PBXGroup section */
		080E96DDFE201D6D7F000001 /* Classes */ = {
			isa = PBXGroup;
			children = (
				19D7809910D4B1FF00ABDC54 /* ParticleSystem.mm */,
				19D7809A10D4B1FF00ABDC54 /* ParticleSystem.h */,
				19D7809B10D4B1FF00ABDC54 /* Particle.mm */,
				19D7809C10D4B1FF00ABDC54 /* Particle.h */,
				2514C26D10084DB100A42282 /* ES1Renderer.h */,
				2514C26E10084DB100A42282 /* ES1Renderer.mm */,
				2514C27110084DB100A42282 /* ESRenderer.h */,
				28FD14FC0DC6FC130079059D /* EAGLView.h */,
				28FD14FD0DC6FC130079059D /* EAGLView.mm */,
				1D3623240D0F684500981E51 /* racegameAppDelegate.h */,
				1D3623250D0F684500981E51 /* racegameAppDelegate.mm */,
				1990A7E710A3F9BD00407DB5 /* MyGame.h */,
				1990A7E810A3F9BD00407DB5 /* MyGame.mm */,
				190CFCE910A5178700686952 /* MyCar.h */,
				190CFCEA10A5178700686952 /* MyCar.mm */,
				191B9A2C10A563D000A1C8A5 /* MyCheckPoint.h */,
				191B9A2D10A563D000A1C8A5 /* MyCheckPoint.mm */,
			);
			path = Classes;
			sourceTree = "<group>";
		};
		19C28FACFE9D520D11CA2CBB /* Products */ = {
			isa = PBXGroup;
			children = (
				1D6058910D05DD3D006BFB54 /* racegame.app */,
			);
			name = Products;
			sourceTree = "<group>";
		};
		2514C27610084DB600A42282 /* Shaders */ = {
			isa = PBXGroup;
			children = (
				2514C27910084DCA00A42282 /* Shader.fsh */,
				2514C27A10084DCA00A42282 /* Shader.vsh */,
			);
			name = Shaders;
			sourceTree = "<group>";
		};
		29B97314FDCFA39411CA2CEA /* CustomTemplate */ = {
			isa = PBXGroup;
			children = (
				080E96DDFE201D6D7F000001 /* Classes */,
				2514C27610084DB600A42282 /* Shaders */,
				29B97315FDCFA39411CA2CEA /* Other Sources */,
				29B97317FDCFA39411CA2CEA /* Resources */,
				29B97323FDCFA39411CA2CEA /* Frameworks */,
				19C28FACFE9D520D11CA2CBB /* Products */,
				1990A7C710A3F40900407DB5 /* CoreGraphics.framework */,
			);
			name = CustomTemplate;
			sourceTree = "<group>";
		};
		29B97315FDCFA39411CA2CEA /* Other Sources */ = {
			isa = PBXGroup;
			children = (
				19D780A210D4B23C00ABDC54 /* graphicUtil.mm */,
				19D780A310D4B23C00ABDC54 /* graphicUtil.h */,
				32CA4F630368D1EE00C91783 /* racegame_Prefix.pch */,
				29B97316FDCFA39411CA2CEA /* main.mm */,
			);
			name = "Other Sources";
			sourceTree = "<group>";
		};
		29B97317FDCFA39411CA2CEA /* Resources */ = {
			isa = PBXGroup;
			children = (
				191B9A6310A5787500A1C8A5 /* particle.png */,
				191B9A4510A5718B00A1C8A5 /* number_texture.png */,
				191B9A3710A56A9C00A1C8A5 /* checkpoint.png */,
				191B9A1410A55BF200A1C8A5 /* course.png */,
				1990A81810A3FECB00407DB5 /* accelbutton.png */,
				1990A81910A3FECB00407DB5 /* leftbutton.png */,
				1990A81A10A3FECB00407DB5 /* rightbutton.png */,
				1990A7DD10A3F6B200407DB5 /* car.png */,
				28AD733E0D9D9553002E5188 /* MainWindow.xib */,
				8D1107310486CEB800E47090 /* racegame-Info.plist */,
			);
			name = Resources;
			sourceTree = "<group>";
		};
		29B97323FDCFA39411CA2CEA /* Frameworks */ = {
			isa = PBXGroup;
			children = (
				28FD15070DC6FC5B0079059D /* QuartzCore.framework */,
				28FD14FF0DC6FC520079059D /* OpenGLES.framework */,
				1DF5F4DF0D08C38300B7A737 /* UIKit.framework */,
				1D30AB110D05D00D00671497 /* Foundation.framework */,
			);
			name = Frameworks;
			sourceTree = "<group>";
		};
/* End PBXGroup section */

/* Begin PBXNativeTarget section */
		1D6058900D05DD3D006BFB54 /* racegame */ = {
			isa = PBXNativeTarget;
			buildConfigurationList = 1D6058960D05DD3E006BFB54 /* Build configuration list for PBXNativeTarget "racegame" */;
			buildPhases = (
				1D60588D0D05DD3D006BFB54 /* Resources */,
				1D60588E0D05DD3D006BFB54 /* Sources */,
				1D60588F0D05DD3D006BFB54 /* Frameworks */,
			);
			buildRules = (
			);
			dependencies = (
			);
			name = racegame;
			productName = racegame;
			productReference = 1D6058910D05DD3D006BFB54 /* racegame.app */;
			productType = "com.apple.product-type.application";
		};
/* End PBXNativeTarget section */

/* Begin PBXProject section */
		29B97313FDCFA39411CA2CEA /* Project object */ = {
			isa = PBXProject;
			buildConfigurationList = C01FCF4E08A954540054247B /* Build configuration list for PBXProject "racegame" */;
			compatibilityVersion = "Xcode 3.1";
			hasScannedForEncodings = 1;
			mainGroup = 29B97314FDCFA39411CA2CEA /* CustomTemplate */;
			projectDirPath = "";
			projectRoot = "";
			targets = (
				1D6058900D05DD3D006BFB54 /* racegame */,
			);
		};
/* End PBXProject section */

/* Begin PBXResourcesBuildPhase section */
		1D60588D0D05DD3D006BFB54 /* Resources */ = {
			isa = PBXResourcesBuildPhase;
			buildActionMask = 2147483647;
			files = (
				2514C27B10084DCA00A42282 /* Shader.fsh in Resources */,
				2514C27C10084DCA00A42282 /* Shader.vsh in Resources */,
				28AD733F0D9D9553002E5188 /* MainWindow.xib in Resources */,
				1990A7DE10A3F6B200407DB5 /* car.png in Resources */,
				1990A81B10A3FECB00407DB5 /* accelbutton.png in Resources */,
				1990A81C10A3FECB00407DB5 /* leftbutton.png in Resources */,
				1990A81D10A3FECB00407DB5 /* rightbutton.png in Resources */,
				191B9A1510A55BF200A1C8A5 /* course.png in Resources */,
				191B9A3810A56A9C00A1C8A5 /* checkpoint.png in Resources */,
				191B9A4610A5718B00A1C8A5 /* number_texture.png in Resources */,
				191B9A6410A5787500A1C8A5 /* particle.png in Resources */,
			);
			runOnlyForDeploymentPostprocessing = 0;
		};
/* End PBXResourcesBuildPhase section */

/* Begin PBXSourcesBuildPhase section */
		1D60588E0D05DD3D006BFB54 /* Sources */ = {
			isa = PBXSourcesBuildPhase;
			buildActionMask = 2147483647;
			files = (
				1D60589B0D05DD56006BFB54 /* main.mm in Sources */,
				1D3623260D0F684500981E51 /* racegameAppDelegate.mm in Sources */,
				28FD14FE0DC6FC130079059D /* EAGLView.mm in Sources */,
				2514C27210084DB100A42282 /* ES1Renderer.mm in Sources */,
				1990A7E910A3F9BD00407DB5 /* MyGame.mm in Sources */,
				190CFCEB10A5178700686952 /* MyCar.mm in Sources */,
				191B9A2E10A563D000A1C8A5 /* MyCheckPoint.mm in Sources */,
				19D7809D10D4B1FF00ABDC54 /* ParticleSystem.mm in Sources */,
				19D7809E10D4B1FF00ABDC54 /* Particle.mm in Sources */,
				19D780A410D4B23C00ABDC54 /* graphicUtil.mm in Sources */,
			);
			runOnlyForDeploymentPostprocessing = 0;
		};
/* End PBXSourcesBuildPhase section */

/* Begin XCBuildConfiguration section */
		1D6058940D05DD3E006BFB54 /* Debug */ = {
			isa = XCBuildConfiguration;
			buildSettings = {
				ALWAYS_SEARCH_USER_PATHS = NO;
				COPY_PHASE_STRIP = NO;
				GCC_DYNAMIC_NO_PIC = NO;
				GCC_OPTIMIZATION_LEVEL = 0;
				GCC_PRECOMPILE_PREFIX_HEADER = YES;
				GCC_PREFIX_HEADER = racegame_Prefix.pch;
				"GCC_THUMB_SUPPORT[arch=armv6]" = "";
				INFOPLIST_FILE = "racegame-Info.plist";
				PRODUCT_NAME = racegame;
			};
			name = Debug;
		};
		1D6058950D05DD3E006BFB54 /* Release */ = {
			isa = XCBuildConfiguration;
			buildSettings = {
				ALWAYS_SEARCH_USER_PATHS = NO;
				COPY_PHASE_STRIP = YES;
				GCC_PRECOMPILE_PREFIX_HEADER = YES;
				GCC_PREFIX_HEADER = racegame_Prefix.pch;
				"GCC_THUMB_SUPPORT[arch=armv6]" = "";
				INFOPLIST_FILE = "racegame-Info.plist";
				PRODUCT_NAME = racegame;
			};
			name = Release;
		};
		C01FCF4F08A954540054247B /* Debug */ = {
			isa = XCBuildConfiguration;
			buildSettings = {
				ARCHS = "$(ARCHS_STANDARD_32_BIT)";
				"CODE_SIGN_IDENTITY[sdk=iphoneos*]" = "iPhone Developer";
				GCC_C_LANGUAGE_STANDARD = c99;
				GCC_PREPROCESSOR_DEFINITIONS = DEBUG;
				GCC_WARN_ABOUT_RETURN_TYPE = YES;
				GCC_WARN_UNUSED_VARIABLE = YES;
				PREBINDING = NO;
				SDKROOT = iphoneos3.1.2;
			};
			name = Debug;
		};
		C01FCF5008A954540054247B /* Release */ = {
			isa = XCBuildConfiguration;
			buildSettings = {
				ARCHS = "$(ARCHS_STANDARD_32_BIT)";
				"CODE_SIGN_IDENTITY[sdk=iphoneos*]" = "iPhone Developer";
				GCC_C_LANGUAGE_STANDARD = c99;
				GCC_WARN_ABOUT_RETURN_TYPE = YES;
				GCC_WARN_UNUSED_VARIABLE = YES;
				PREBINDING = NO;
				SDKROOT = iphoneos3.1.2;
			};
			name = Release;
		};
/* End XCBuildConfiguration section */

/* Begin XCConfigurationList section */
		1D6058960D05DD3E006BFB54 /* Build configuration list for PBXNativeTarget "racegame" */ = {
			isa = XCConfigurationList;
			buildConfigurations = (
				1D6058940D05DD3E006BFB54 /* Debug */,
				1D6058950D05DD3E006BFB54 /* Release */,
			);
			defaultConfigurationIsVisible = 0;
			defaultConfigurationName = Release;
		};
		C01FCF4E08A954540054247B /* Build configuration list for PBXProject "racegame" */ = {
			isa = XCConfigurationList;
			buildConfigurations = (
				C01FCF4F08A954540054247B /* Debug */,
				C01FCF5008A954540054247B /* Release */,
			);
			defaultConfigurationIsVisible = 0;
			defaultConfigurationName = Release;
		};
/* End XCConfigurationList section */
	};
	rootObject = 29B97313FDCFA39411CA2CEA /* Project object */;
}
